
Microsoft Visual Studio Solution File, Format Version 12.00
# Visual Studio Version 17
VisualStudioVersion = 17.9.34728.123
MinimumVisualStudioVersion = 10.0.40219.1
Project("{FAE04EC0-301F-11D3-BF4B-00C04F79EFBC}") = "CodeFirst", "CodeFirst\CodeFirst.csproj", "{A79FDEA1-2C99-40A9-BF40-4B98A1ED264B}"
EndProject
Project("{FAE04EC0-301F-11D3-BF4B-00C04F79EFBC}") = "DataFirst", "DataFirst\DataFirst.csproj", "{9C08B9FF-465E-4EAB-A6C5-67A8FC476786}"
EndProject
Global
	GlobalSection(SolutionConfigurationPlatforms) = preSolution
		Debug|Any CPU = Debug|Any CPU
		Release|Any CPU = Release|Any CPU
	EndGlobalSection
	GlobalSection(ProjectConfigurationPlatforms) = postSolution
		{A79FDEA1-2C99-40A9-BF40-4B98A1ED264B}.Debug|Any CPU.ActiveCfg = Debug|Any CPU
		{A79FDEA1-2C99-40A9-BF40-4B98A1ED264B}.Debug|Any CPU.Build.0 = Debug|Any CPU
		{A79FDEA1-2C99-40A9-BF40-4B98A1ED264B}.Release|Any CPU.ActiveCfg = Release|Any CPU
		{A79FDEA1-2C99-40A9-BF40-4B98A1ED264B}.Release|Any CPU.Build.0 = Release|Any CPU
		{9C08B9FF-465E-4EAB-A6C5-67A8FC476786}.Debug|Any CPU.ActiveCfg = Debug|Any CPU
		{9C08B9FF-465E-4EAB-A6C5-67A8FC476786}.Debug|Any CPU.Build.0 = Debug|Any CPU
		{9C08B9FF-465E-4EAB-A6C5-67A8FC476786}.Release|Any CPU.ActiveCfg = Release|Any CPU
		{9C08B9FF-465E-4EAB-A6C5-67A8FC476786}.Release|Any CPU.Build.0 = Release|Any CPU
	EndGlobalSection
	GlobalSection(SolutionProperties) = preSolution
		HideSolutionNode = FALSE
	EndGlobalSection
	GlobalSection(ExtensibilityGlobals) = postSolution
		SolutionGuid = {1BE0DED8-1532-4C4D-95B8-CA0FD896EFA0}
	EndGlobalSection
EndGlobal
